
Microsoft Visual Studio Solution File, Format Version 12.00
# Visual Studio 15
VisualStudioVersion = 15.0.28010.2016
MinimumVisualStudioVersion = 10.0.40219.1
Project("{8BC9CEB8-8B4A-11D0-8D11-00A0C91BC942}") = "server", "server\server.vcxproj", "{F2ABAA8C-C6B3-431E-88D8-9CC5F84906F1}"
EndProject
Project("{8BC9CEB8-8B4A-11D0-8D11-00A0C91BC942}") = "client", "client\client.vcxproj", "{E6352EE1-30C5-4120-8FCD-FF08B66C2EE3}"
EndProject
Global
	GlobalSection(SolutionConfigurationPlatforms) = preSolution
		Debug|x64 = Debug|x64
		Debug|x86 = Debug|x86
		Release|x64 = Release|x64
		Release|x86 = Release|x86
	EndGlobalSection
	GlobalSection(ProjectConfigurationPlatforms) = postSolution
		{F2ABAA8C-C6B3-431E-88D8-9CC5F84906F1}.Debug|x64.ActiveCfg = Debug|x64
		{F2ABAA8C-C6B3-431E-88D8-9CC5F84906F1}.Debug|x64.Build.0 = Debug|x64
		{F2ABAA8C-C6B3-431E-88D8-9CC5F84906F1}.Debug|x86.ActiveCfg = Debug|Win32
		{F2ABAA8C-C6B3-431E-88D8-9CC5F84906F1}.Debug|x86.Build.0 = Debug|Win32
		{F2ABAA8C-C6B3-431E-88D8-9CC5F84906F1}.Release|x64.ActiveCfg = Release|x64
		{F2ABAA8C-C6B3-431E-88D8-9CC5F84906F1}.Release|x64.Build.0 = Release|x64
		{F2ABAA8C-C6B3-431E-88D8-9CC5F84906F1}.Release|x86.ActiveCfg = Release|Win32
		{F2ABAA8C-C6B3-431E-88D8-9CC5F84906F1}.Release|x86.Build.0 = Release|Win32
		{E6352EE1-30C5-4120-8FCD-FF08B66C2EE3}.Debug|x64.ActiveCfg = Debug|x64
		{E6352EE1-30C5-4120-8FCD-FF08B66C2EE3}.Debug|x64.Build.0 = Debug|x64
		{E6352EE1-30C5-4120-8FCD-FF08B66C2EE3}.Debug|x86.ActiveCfg = Debug|Win32
		{E6352EE1-30C5-4120-8FCD-FF08B66C2EE3}.Debug|x86.Build.0 = Debug|Win32
		{E6352EE1-30C5-4120-8FCD-FF08B66C2EE3}.Release|x64.ActiveCfg = Release|x64
		{E6352EE1-30C5-4120-8FCD-FF08B66C2EE3}.Release|x64.Build.0 = Release|x64
		{E6352EE1-30C5-4120-8FCD-FF08B66C2EE3}.Release|x86.ActiveCfg = Release|Win32
		{E6352EE1-30C5-4120-8FCD-FF08B66C2EE3}.Release|x86.Build.0 = Release|Win32
	EndGlobalSection
	GlobalSection(SolutionProperties) = preSolution
		HideSolutionNode = FALSE
	EndGlobalSection
	GlobalSection(ExtensibilityGlobals) = postSolution
		SolutionGuid = {27ABB75A-C94B-4316-8928-075DEBE8BF98}
	EndGlobalSection
EndGlobal
